{
    "name": "MongoDb Extensions",
    "requires": true,
    "lockfileVersion": 1,
    "dependencies": {
        "@types/bson": {
            "version": "4.0.0",
            "resolved": "https://registry.npmjs.org/@types/bson/-/bson-4.0.0.tgz",
            "integrity": "sha512-pq/rqJwJWkbS10crsG5bgnrisL8pML79KlMKQMoQwLUjlPAkrUHMvHJ3oGwE7WHR61Lv/nadMwXVAD2b+fpD8Q==",
            "requires": {
                "@types/node": "*"
            }
        },
        "@types/mongodb": {
            "version": "3.1.24",
            "resolved": "https://registry.npmjs.org/@types/mongodb/-/mongodb-3.1.24.tgz",
            "integrity": "sha512-X3VlTujSc9gzwc7zKwXIdazRnvxWijEOVWlJ8uStiYHuYs8rg+6NgpBQDS0niw1yO1TIqKumewK4i2mKnZYXtQ==",
            "requires": {
                "@types/bson": "*",
                "@types/node": "*"
            }
        },
        "@types/node": {
            "version": "11.13.6",
            "resolved": "https://registry.npmjs.org/@types/node/-/node-11.13.6.tgz",
            "integrity": "sha512-Xoo/EBzEe8HxTSwaZNLZjaW6M6tA/+GmD3/DZ6uo8qSaolE/9Oarko0oV1fVfrLqOz0tx0nXJB4rdD5c+vixLw=="
        }
    }
}
