
Microsoft Visual Studio Solution File, Format Version 12.00
# Visual Studio 15
VisualStudioVersion = 15.0.28010.2041
MinimumVisualStudioVersion = 10.0.40219.1
Project("{9A19103F-16F7-4668-BE54-9A1E7A4F7556}") = "Jack.DataScience.Common", "Jack.DataScience.Common\Jack.DataScience.Common.csproj", "{5BAA8311-0D46-4916-9D60-EF403B2AF5C7}"
EndProject
Project("{9A19103F-16F7-4668-BE54-9A1E7A4F7556}") = "Jack.DataScience.Data.NpgSQL", "Jack.DataScience.Data.NpgSQL\Jack.DataScience.Data.NpgSQL.csproj", "{F3C9F1F6-D4D8-4C88-AF36-E79A5A48BAD9}"
EndProject
Project("{9A19103F-16F7-4668-BE54-9A1E7A4F7556}") = "Jack.DataScience.Data.Parquet", "Jack.DataScience.Data.Parquet\Jack.DataScience.Data.Parquet.csproj", "{80772351-BE16-442E-8F20-5EA22C7F8DCD}"
EndProject
Project("{9A19103F-16F7-4668-BE54-9A1E7A4F7556}") = "MvcAngular.Generator", "MvcAngular.Generator\MvcAngular.Generator.csproj", "{BAAD9737-B50A-4DEB-B335-D75A33D25835}"
EndProject
Project("{9A19103F-16F7-4668-BE54-9A1E7A4F7556}") = "ArangoDB.Client.Jack", "ArangoDB.Client\ArangoDB.Client.Jack.csproj", "{A8B7ACF4-1043-43C7-BFE5-6E43F530431C}"
EndProject
Project("{9A19103F-16F7-4668-BE54-9A1E7A4F7556}") = "Jack.DataScience.Data.MongoDB", "Jack.DataScience.Data.MongoDB\Jack.DataScience.Data.MongoDB.csproj", "{8623C1E7-989F-46ED-AA7C-FD72FF450B6A}"
EndProject
Project("{9A19103F-16F7-4668-BE54-9A1E7A4F7556}") = "Jack.DataScience.Data.MongoDB.Tests", "Jack.DataScience.Data.MongoDB.Tests\Jack.DataScience.Data.MongoDB.Tests.csproj", "{C70B500D-E369-453B-B019-5F51715B3F19}"
EndProject
Project("{9A19103F-16F7-4668-BE54-9A1E7A4F7556}") = "Jack.DataScience.Logging.Serilog", "Jack.DataScience.Logging.Serilog\Jack.DataScience.Logging.Serilog.csproj", "{D1E70F2F-D3F1-40B3-ACD0-03C013683BAB}"
EndProject
Project("{9A19103F-16F7-4668-BE54-9A1E7A4F7556}") = "Jack.DataScience.Tasks", "Jack.DataScience.Tasks\Jack.DataScience.Tasks.csproj", "{30B80254-3116-4DA0-A0E3-FDFCB44D5C7E}"
EndProject
Project("{9A19103F-16F7-4668-BE54-9A1E7A4F7556}") = "Jack.DataScience.DataTypes", "Jack.DataScience.DataTypes\Jack.DataScience.DataTypes.csproj", "{628610ED-AA4A-46C6-B1F2-9CED2862680C}"
EndProject
Project("{9A19103F-16F7-4668-BE54-9A1E7A4F7556}") = "Jack.DataScience.Data.NpgSQL.Tests", "Jack.DataScience.Data.NpgSQL.Tests\Jack.DataScience.Data.NpgSQL.Tests.csproj", "{314D3FBB-0D61-4775-A7BE-DD4B4DAA14BB}"
EndProject
Project("{9A19103F-16F7-4668-BE54-9A1E7A4F7556}") = "Jack.DataScience.Data.Arango.Tests", "Jack.DataScience.Data.Arango.Tests\Jack.DataScience.Data.Arango.Tests.csproj", "{6683251A-A8F7-43E2-8FBA-2141AC6F0EAD}"
EndProject
Project("{9A19103F-16F7-4668-BE54-9A1E7A4F7556}") = "Jack.DataScience.Storage.AWSS3", "Jack.DataScience.Storage.AWSS3\Jack.DataScience.Storage.AWSS3.csproj", "{913B731C-7789-4984-8BBD-C614AAD63C70}"
EndProject
Project("{9A19103F-16F7-4668-BE54-9A1E7A4F7556}") = "Jack.DataScience.Storage.AzureBlobStorage", "Jack.DataScience.Storage.AzureBlobStorage\Jack.DataScience.Storage.AzureBlobStorage.csproj", "{CC8E6FC8-2AC6-4DBD-A10D-1BF1DDC5DA51}"
EndProject
Project("{9A19103F-16F7-4668-BE54-9A1E7A4F7556}") = "Jack.DataScience.Compute.AWSEMR", "Jack.DataScience.Compute.AWSEMR\Jack.DataScience.Compute.AWSEMR.csproj", "{A1355373-13A1-46E2-A4B2-A10FB378BE9D}"
EndProject
Project("{9A19103F-16F7-4668-BE54-9A1E7A4F7556}") = "Jack.DataScience.Storage.SFTP", "Jack.DataScience.Storage.SFTP\Jack.DataScience.Storage.SFTP.csproj", "{59AE20F4-215C-40C1-A56D-F6BDF7545145}"
EndProject
Project("{9A19103F-16F7-4668-BE54-9A1E7A4F7556}") = "Jack.DataScience.Storage.AWSS3.Tests", "Jack.DataScience.Storage.AWSS3.Tests\Jack.DataScience.Storage.AWSS3.Tests.csproj", "{228AB362-DC91-4AF7-BAEA-E616E8C14563}"
EndProject
Project("{9A19103F-16F7-4668-BE54-9A1E7A4F7556}") = "Jack.DataScience.Data.Arango", "Jack.DataScience.Data.Arango\Jack.DataScience.Data.Arango.csproj", "{337F38A6-D1B4-4A47-BE32-61C78FAA42FA}"
EndProject
Project("{9A19103F-16F7-4668-BE54-9A1E7A4F7556}") = "Jack.DataScience.Storage.AzureBlobStorage.Tests", "Jack.DataScience.Storage.AzureBlobStorage.Tests\Jack.DataScience.Storage.AzureBlobStorage.Tests.csproj", "{8934D0A8-501C-43F5-80E0-F7219724D473}"
EndProject
Project("{9A19103F-16F7-4668-BE54-9A1E7A4F7556}") = "Jack.DataScience.Storage.SFTP.Tests", "Jack.DataScience.Storage.SFTP.Tests\Jack.DataScience.Storage.SFTP.Tests.csproj", "{D17B98DF-03FB-4507-BB87-061FA3915BC8}"
EndProject
Project("{9A19103F-16F7-4668-BE54-9A1E7A4F7556}") = "Jack.DataScience.Data.NpgSQL.EF", "Jack.DataScience.Data.NpgSQL.EF\Jack.DataScience.Data.NpgSQL.EF.csproj", "{01C98C9F-FFE5-4848-A564-55C66407B3F9}"
EndProject
Project("{9A19103F-16F7-4668-BE54-9A1E7A4F7556}") = "Jack.DataScience.Data.NpgSQL.EF.Tests", "Jack.DataScience.Data.NpgSQL.EF.Tests\Jack.DataScience.Data.NpgSQL.EF.Tests.csproj", "{06E5A19D-6D2D-4A64-8A51-59CAD0FB6049}"
EndProject
Project("{9A19103F-16F7-4668-BE54-9A1E7A4F7556}") = "Jack.DataScience.Data.CSV", "Jack.DataScience.Data.CSV\Jack.DataScience.Data.CSV.csproj", "{CD43BAE2-70AD-4F0B-BA72-0BBDB3D64039}"
EndProject
Project("{9A19103F-16F7-4668-BE54-9A1E7A4F7556}") = "Jack.DataScience.Data.AWSAthena", "Jack.DataScience.Data.AWSAthena\Jack.DataScience.Data.AWSAthena.csproj", "{4FFF8E72-5E8F-4DE7-B5DF-73F848760CF8}"
EndProject
Project("{9A19103F-16F7-4668-BE54-9A1E7A4F7556}") = "Jack.DataScience.Compute.AWSEC2", "Jack.DataScience.Compute.AWSEC2\Jack.DataScience.Compute.AWSEC2.csproj", "{2D869C31-165A-489F-B3B8-2C0D3EC3A753}"
EndProject
Project("{9A19103F-16F7-4668-BE54-9A1E7A4F7556}") = "Jack.DataScience.Compute.AWSEC2.Task", "Jack.DataScience.Compute.AWSEC2.Task\Jack.DataScience.Compute.AWSEC2.Task.csproj", "{1035B7C8-FFDF-4C08-B8EA-AF34B09D77BD}"
EndProject
Project("{FAE04EC0-301F-11D3-BF4B-00C04F79EFBC}") = "Jack.DataScience.WPF.Controls", "Jack.DataScience.WPF.Controls\Jack.DataScience.WPF.Controls.csproj", "{A66C5FBA-A080-4DFA-B920-6C9EA31782B5}"
EndProject
Project("{9A19103F-16F7-4668-BE54-9A1E7A4F7556}") = "Jack.DataScience.Storage.AWSS3.Extensions", "Jack.DataScience.Storage.AWSS3.Extensions\Jack.DataScience.Storage.AWSS3.Extensions.csproj", "{E3BCF1E0-78F1-4E0A-A65C-991D285D722A}"
EndProject
Project("{9A19103F-16F7-4668-BE54-9A1E7A4F7556}") = "Jack.DataScience.Data.Converters", "Jack.DataScience.Data.Converters\Jack.DataScience.Data.Converters.csproj", "{EA0DB429-75BE-481D-BA77-F1D89B4E594F}"
EndProject
Project("{9A19103F-16F7-4668-BE54-9A1E7A4F7556}") = "Jack.DataScience.Http.Jwt", "Jack.DataScience.Http.Jwt\Jack.DataScience.Http.Jwt.csproj", "{C7290FB1-61AB-4945-B07C-37D1D2525905}"
EndProject
Project("{9A19103F-16F7-4668-BE54-9A1E7A4F7556}") = "Jack.DataScience.Tasks.Chain", "Jack.DataScience.Tasks.Chain\Jack.DataScience.Tasks.Chain.csproj", "{EFB6E7CF-D12C-4CFA-A4FC-7F4063800082}"
EndProject
Project("{9A19103F-16F7-4668-BE54-9A1E7A4F7556}") = "Jack.DataScience.Http.Password", "Jack.DataScience.Http.Password\Jack.DataScience.Http.Password.csproj", "{9D6EC70F-B192-4210-8C45-E82242F543F8}"
EndProject
Project("{9A19103F-16F7-4668-BE54-9A1E7A4F7556}") = "Jack.DataScience.Data.AWSAthenaEtl", "Jack.DataScience.Data.AWSAthenaEtl\Jack.DataScience.Data.AWSAthenaEtl.csproj", "{B98839CE-77B3-4E83-9666-F1FCA6255CDE}"
EndProject
Project("{9A19103F-16F7-4668-BE54-9A1E7A4F7556}") = "Jack.DataScience.AWS.CloudWatch", "Jack.DataScience.AWS.CloudWatch\Jack.DataScience.AWS.CloudWatch.csproj", "{AF7766F0-5B62-4C1A-9AED-F2D5FE4F119C}"
EndProject
Project("{9A19103F-16F7-4668-BE54-9A1E7A4F7556}") = "MvcAngular.Generator.Lambda", "MvcAngular.Generator.Lambda\MvcAngular.Generator.Lambda.csproj", "{723F2F42-9E25-464A-B9F1-F1CB28FE6577}"
EndProject
Project("{9A19103F-16F7-4668-BE54-9A1E7A4F7556}") = "Jack.DataScience.Automation.TwilioSMS", "Jack.DataScience.Automation.TwilioSMS\Jack.DataScience.Automation.TwilioSMS.csproj", "{390C4157-B6C4-40DE-98EB-B633B45B5479}"
EndProject
Project("{9A19103F-16F7-4668-BE54-9A1E7A4F7556}") = "Jack.DataScience.Compute.AWSLambda", "Jack.DataScience.Compute.AWSLambda\Jack.DataScience.Compute.AWSLambda.csproj", "{3C9A129E-892A-4E29-BD00-45FFA5F07A0B}"
EndProject
Project("{9A19103F-16F7-4668-BE54-9A1E7A4F7556}") = "Jack.DataScience.Data.AWSDynamoDB", "Jack.DataScience.Data.AWSDynamoDB\Jack.DataScience.Data.AWSDynamoDB.csproj", "{286C507E-4D4A-4813-93E0-D15D7CC3BBB6}"
EndProject
Project("{9A19103F-16F7-4668-BE54-9A1E7A4F7556}") = "Jack.DataScience.Data.JsonConverters", "Jack.DataScience.Data.JsonConverters\Jack.DataScience.Data.JsonConverters.csproj", "{3FBD1612-167B-40BC-A00D-B757D71040E3}"
EndProject
Project("{9A19103F-16F7-4668-BE54-9A1E7A4F7556}") = "Jack.DataScience.Communication.AWSSNS", "Jack.DataScience.Communication.AWSSNS\Jack.DataScience.Communication.AWSSNS.csproj", "{04EE864A-8E9F-4DA2-A035-312D7A78F716}"
EndProject
Project("{9A19103F-16F7-4668-BE54-9A1E7A4F7556}") = "Jack.DataScience.Communication.AWSSimpleEmail", "Jack.DataScience.Communication.AWSSimpleEmail\Jack.DataScience.Communication.AWSSimpleEmail.csproj", "{6542B75E-13EB-4129-874A-1CF3573EB26A}"
EndProject
Project("{9A19103F-16F7-4668-BE54-9A1E7A4F7556}") = "Jack.DataScience.Communication.SendGrid", "Jack.DataScience.Communication.SendGrid\Jack.DataScience.Communication.SendGrid.csproj", "{473425AC-5739-4DE9-9666-2D62583714F4}"
EndProject
Project("{9A19103F-16F7-4668-BE54-9A1E7A4F7556}") = "Jack.DataScience.Logging.AWSCloudWatch", "Jack.DataScience.Logging.AWSCloudWatch\Jack.DataScience.Logging.AWSCloudWatch.csproj", "{5990902E-57E8-4277-9831-AB0524EFDFD2}"
EndProject
Project("{9A19103F-16F7-4668-BE54-9A1E7A4F7556}") = "Jack.DataScience.Compute.AWSBatch", "Jack.DataScience.Compute.AWSBatch\Jack.DataScience.Compute.AWSBatch.csproj", "{D2CAA400-4D39-4906-A203-8F2070D7F7AF}"
EndProject
Project("{9A19103F-16F7-4668-BE54-9A1E7A4F7556}") = "Jack.DataScience.Trigger.AWSCloudWatch", "Jack.DataScience.Trigger.AWSCloudWatch\Jack.DataScience.Trigger.AWSCloudWatch.csproj", "{4B4A0A3B-9B85-4F47-BE26-2AEDD0D84642}"
EndProject
Project("{9A19103F-16F7-4668-BE54-9A1E7A4F7556}") = "Jack.DataScience.Http.AWSCloudFront", "Jack.DataScience.Http.AWSCloudFront\Jack.DataScience.Http.AWSCloudFront.csproj", "{F895B5EE-5AA6-465F-AC8D-B4F3E81BBBB4}"
EndProject
Project("{9A19103F-16F7-4668-BE54-9A1E7A4F7556}") = "Jack.DataScience.Http.AWSCloudFront.Deploy", "Jack.DataScience.Http.AWSCloudFront.Deploy\Jack.DataScience.Http.AWSCloudFront.Deploy.csproj", "{A758E10D-860F-4600-967A-D03DEC4364CE}"
EndProject
Project("{9A19103F-16F7-4668-BE54-9A1E7A4F7556}") = "Jack.DataScience.Http.AWSCloudFront.Deploy.CLI", "Jack.DataScience.Http.AWSCloudFront.Deploy.CLI\Jack.DataScience.Http.AWSCloudFront.Deploy.CLI.csproj", "{0C4CE525-7448-4E7E-B648-2193C6CAD666}"
EndProject
Project("{9A19103F-16F7-4668-BE54-9A1E7A4F7556}") = "Jack.DataScience.AWS.SecurityToken", "Jack.DataScience.AWS.SecurityToken\Jack.DataScience.AWS.SecurityToken.csproj", "{2FAFA9A6-7BC1-4686-B3F4-60B1BF1C2661}"
EndProject
Project("{9A19103F-16F7-4668-BE54-9A1E7A4F7556}") = "Jack.DataScience.MQ.AWSKinesis", "Jack.DataScience.MQ.AWSKinesis\Jack.DataScience.MQ.AWSKinesis.csproj", "{8B83118C-5409-4FE1-AE19-566633AA1870}"
EndProject
Project("{9A19103F-16F7-4668-BE54-9A1E7A4F7556}") = "Jack.DataScience.MQ.AWSSQS", "Jack.DataScience.MQ.AWSSQS\Jack.DataScience.MQ.AWSSQS.csproj", "{ACD42341-4948-4753-A0DF-9AB1CC42E012}"
EndProject
Project("{9A19103F-16F7-4668-BE54-9A1E7A4F7556}") = "Jack.DataScience.Data.AzureTableStorage", "Jack.DataScience.Data.AzureTableStorage\Jack.DataScience.Data.AzureTableStorage.csproj", "{D5B9CE45-B0D2-43FC-BB72-D56931B143CF}"
EndProject
Project("{9A19103F-16F7-4668-BE54-9A1E7A4F7556}") = "Jack.DataScience.Network.SSH", "Jack.DataScience.Network.SSH\Jack.DataScience.Network.SSH.csproj", "{729D5B46-A87C-4B3B-96A8-8943C7C0B07C}"
EndProject
Project("{9A19103F-16F7-4668-BE54-9A1E7A4F7556}") = "Jack.DataScience.Common.TaskExtensions", "Jack.DataScience.Common.TaskExtensions\Jack.DataScience.Common.TaskExtensions.csproj", "{D7C1F65A-8F85-419C-97F1-2D5C93E99118}"
EndProject
Project("{9A19103F-16F7-4668-BE54-9A1E7A4F7556}") = "Jack.DataScience.Scrapping", "Jack.DataScience.Scrapping\Jack.DataScience.Scrapping.csproj", "{02DA8588-7779-4F59-BD08-F8549251942D}"
EndProject
Project("{9A19103F-16F7-4668-BE54-9A1E7A4F7556}") = "Jack.DataScience.ConsoleExtensions", "Jack.DataScience.ConsoleExtensions\Jack.DataScience.ConsoleExtensions.csproj", "{0B27A430-4D22-405B-A3E0-AFF5071C8C3E}"
EndProject
Project("{9A19103F-16F7-4668-BE54-9A1E7A4F7556}") = "Jack.DataScience.Cloud.HeartBeat", "Jack.DataScience.Cloud.HeartBeat\Jack.DataScience.Cloud.HeartBeat.csproj", "{0FCC8DB6-8C01-4128-A719-FFAE0F8D334B}"
EndProject
Project("{9A19103F-16F7-4668-BE54-9A1E7A4F7556}") = "Jack.DataScience.Data.AthenaClient", "Jack.DataScience.Data.AthenaClient\Jack.DataScience.Data.AthenaClient.csproj", "{D9D38CEA-4EE2-4BB6-A8DE-80CA55E20DAD}"
EndProject
Project("{FAE04EC0-301F-11D3-BF4B-00C04F79EFBC}") = "Jack.DataScience.Data.AthenaUI", "Jack.DataScience.Data.AthenaUI\Jack.DataScience.Data.AthenaUI.csproj", "{9AE8737B-73F9-4BA2-8832-033CEA453368}"
EndProject
Global
	GlobalSection(SolutionConfigurationPlatforms) = preSolution
		Debug|Any CPU = Debug|Any CPU
		Release|Any CPU = Release|Any CPU
	EndGlobalSection
	GlobalSection(ProjectConfigurationPlatforms) = postSolution
		{5BAA8311-0D46-4916-9D60-EF403B2AF5C7}.Debug|Any CPU.ActiveCfg = Debug|Any CPU
		{5BAA8311-0D46-4916-9D60-EF403B2AF5C7}.Debug|Any CPU.Build.0 = Debug|Any CPU
		{5BAA8311-0D46-4916-9D60-EF403B2AF5C7}.Release|Any CPU.ActiveCfg = Release|Any CPU
		{5BAA8311-0D46-4916-9D60-EF403B2AF5C7}.Release|Any CPU.Build.0 = Release|Any CPU
		{F3C9F1F6-D4D8-4C88-AF36-E79A5A48BAD9}.Debug|Any CPU.ActiveCfg = Debug|Any CPU
		{F3C9F1F6-D4D8-4C88-AF36-E79A5A48BAD9}.Debug|Any CPU.Build.0 = Debug|Any CPU
		{F3C9F1F6-D4D8-4C88-AF36-E79A5A48BAD9}.Release|Any CPU.ActiveCfg = Release|Any CPU
		{F3C9F1F6-D4D8-4C88-AF36-E79A5A48BAD9}.Release|Any CPU.Build.0 = Release|Any CPU
		{80772351-BE16-442E-8F20-5EA22C7F8DCD}.Debug|Any CPU.ActiveCfg = Debug|Any CPU
		{80772351-BE16-442E-8F20-5EA22C7F8DCD}.Debug|Any CPU.Build.0 = Debug|Any CPU
		{80772351-BE16-442E-8F20-5EA22C7F8DCD}.Release|Any CPU.ActiveCfg = Release|Any CPU
		{80772351-BE16-442E-8F20-5EA22C7F8DCD}.Release|Any CPU.Build.0 = Release|Any CPU
		{BAAD9737-B50A-4DEB-B335-D75A33D25835}.Debug|Any CPU.ActiveCfg = Debug|Any CPU
		{BAAD9737-B50A-4DEB-B335-D75A33D25835}.Debug|Any CPU.Build.0 = Debug|Any CPU
		{BAAD9737-B50A-4DEB-B335-D75A33D25835}.Release|Any CPU.ActiveCfg = Release|Any CPU
		{BAAD9737-B50A-4DEB-B335-D75A33D25835}.Release|Any CPU.Build.0 = Release|Any CPU
		{A8B7ACF4-1043-43C7-BFE5-6E43F530431C}.Debug|Any CPU.ActiveCfg = Debug|Any CPU
		{A8B7ACF4-1043-43C7-BFE5-6E43F530431C}.Debug|Any CPU.Build.0 = Debug|Any CPU
		{A8B7ACF4-1043-43C7-BFE5-6E43F530431C}.Release|Any CPU.ActiveCfg = Release|Any CPU
		{A8B7ACF4-1043-43C7-BFE5-6E43F530431C}.Release|Any CPU.Build.0 = Release|Any CPU
		{8623C1E7-989F-46ED-AA7C-FD72FF450B6A}.Debug|Any CPU.ActiveCfg = Debug|Any CPU
		{8623C1E7-989F-46ED-AA7C-FD72FF450B6A}.Debug|Any CPU.Build.0 = Debug|Any CPU
		{8623C1E7-989F-46ED-AA7C-FD72FF450B6A}.Release|Any CPU.ActiveCfg = Release|Any CPU
		{8623C1E7-989F-46ED-AA7C-FD72FF450B6A}.Release|Any CPU.Build.0 = Release|Any CPU
		{C70B500D-E369-453B-B019-5F51715B3F19}.Debug|Any CPU.ActiveCfg = Debug|Any CPU
		{C70B500D-E369-453B-B019-5F51715B3F19}.Debug|Any CPU.Build.0 = Debug|Any CPU
		{C70B500D-E369-453B-B019-5F51715B3F19}.Release|Any CPU.ActiveCfg = Release|Any CPU
		{C70B500D-E369-453B-B019-5F51715B3F19}.Release|Any CPU.Build.0 = Release|Any CPU
		{D1E70F2F-D3F1-40B3-ACD0-03C013683BAB}.Debug|Any CPU.ActiveCfg = Debug|Any CPU
		{D1E70F2F-D3F1-40B3-ACD0-03C013683BAB}.Debug|Any CPU.Build.0 = Debug|Any CPU
		{D1E70F2F-D3F1-40B3-ACD0-03C013683BAB}.Release|Any CPU.ActiveCfg = Release|Any CPU
		{D1E70F2F-D3F1-40B3-ACD0-03C013683BAB}.Release|Any CPU.Build.0 = Release|Any CPU
		{30B80254-3116-4DA0-A0E3-FDFCB44D5C7E}.Debug|Any CPU.ActiveCfg = Debug|Any CPU
		{30B80254-3116-4DA0-A0E3-FDFCB44D5C7E}.Debug|Any CPU.Build.0 = Debug|Any CPU
		{30B80254-3116-4DA0-A0E3-FDFCB44D5C7E}.Release|Any CPU.ActiveCfg = Release|Any CPU
		{30B80254-3116-4DA0-A0E3-FDFCB44D5C7E}.Release|Any CPU.Build.0 = Release|Any CPU
		{628610ED-AA4A-46C6-B1F2-9CED2862680C}.Debug|Any CPU.ActiveCfg = Debug|Any CPU
		{628610ED-AA4A-46C6-B1F2-9CED2862680C}.Debug|Any CPU.Build.0 = Debug|Any CPU
		{628610ED-AA4A-46C6-B1F2-9CED2862680C}.Release|Any CPU.ActiveCfg = Release|Any CPU
		{628610ED-AA4A-46C6-B1F2-9CED2862680C}.Release|Any CPU.Build.0 = Release|Any CPU
		{314D3FBB-0D61-4775-A7BE-DD4B4DAA14BB}.Debug|Any CPU.ActiveCfg = Debug|Any CPU
		{314D3FBB-0D61-4775-A7BE-DD4B4DAA14BB}.Debug|Any CPU.Build.0 = Debug|Any CPU
		{314D3FBB-0D61-4775-A7BE-DD4B4DAA14BB}.Release|Any CPU.ActiveCfg = Release|Any CPU
		{314D3FBB-0D61-4775-A7BE-DD4B4DAA14BB}.Release|Any CPU.Build.0 = Release|Any CPU
		{6683251A-A8F7-43E2-8FBA-2141AC6F0EAD}.Debug|Any CPU.ActiveCfg = Debug|Any CPU
		{6683251A-A8F7-43E2-8FBA-2141AC6F0EAD}.Debug|Any CPU.Build.0 = Debug|Any CPU
		{6683251A-A8F7-43E2-8FBA-2141AC6F0EAD}.Release|Any CPU.ActiveCfg = Release|Any CPU
		{6683251A-A8F7-43E2-8FBA-2141AC6F0EAD}.Release|Any CPU.Build.0 = Release|Any CPU
		{913B731C-7789-4984-8BBD-C614AAD63C70}.Debug|Any CPU.ActiveCfg = Debug|Any CPU
		{913B731C-7789-4984-8BBD-C614AAD63C70}.Debug|Any CPU.Build.0 = Debug|Any CPU
		{913B731C-7789-4984-8BBD-C614AAD63C70}.Release|Any CPU.ActiveCfg = Release|Any CPU
		{913B731C-7789-4984-8BBD-C614AAD63C70}.Release|Any CPU.Build.0 = Release|Any CPU
		{CC8E6FC8-2AC6-4DBD-A10D-1BF1DDC5DA51}.Debug|Any CPU.ActiveCfg = Debug|Any CPU
		{CC8E6FC8-2AC6-4DBD-A10D-1BF1DDC5DA51}.Debug|Any CPU.Build.0 = Debug|Any CPU
		{CC8E6FC8-2AC6-4DBD-A10D-1BF1DDC5DA51}.Release|Any CPU.ActiveCfg = Release|Any CPU
		{CC8E6FC8-2AC6-4DBD-A10D-1BF1DDC5DA51}.Release|Any CPU.Build.0 = Release|Any CPU
		{A1355373-13A1-46E2-A4B2-A10FB378BE9D}.Debug|Any CPU.ActiveCfg = Debug|Any CPU
		{A1355373-13A1-46E2-A4B2-A10FB378BE9D}.Debug|Any CPU.Build.0 = Debug|Any CPU
		{A1355373-13A1-46E2-A4B2-A10FB378BE9D}.Release|Any CPU.ActiveCfg = Release|Any CPU
		{A1355373-13A1-46E2-A4B2-A10FB378BE9D}.Release|Any CPU.Build.0 = Release|Any CPU
		{59AE20F4-215C-40C1-A56D-F6BDF7545145}.Debug|Any CPU.ActiveCfg = Debug|Any CPU
		{59AE20F4-215C-40C1-A56D-F6BDF7545145}.Debug|Any CPU.Build.0 = Debug|Any CPU
		{59AE20F4-215C-40C1-A56D-F6BDF7545145}.Release|Any CPU.ActiveCfg = Release|Any CPU
		{59AE20F4-215C-40C1-A56D-F6BDF7545145}.Release|Any CPU.Build.0 = Release|Any CPU
		{228AB362-DC91-4AF7-BAEA-E616E8C14563}.Debug|Any CPU.ActiveCfg = Debug|Any CPU
		{228AB362-DC91-4AF7-BAEA-E616E8C14563}.Debug|Any CPU.Build.0 = Debug|Any CPU
		{228AB362-DC91-4AF7-BAEA-E616E8C14563}.Release|Any CPU.ActiveCfg = Release|Any CPU
		{228AB362-DC91-4AF7-BAEA-E616E8C14563}.Release|Any CPU.Build.0 = Release|Any CPU
		{337F38A6-D1B4-4A47-BE32-61C78FAA42FA}.Debug|Any CPU.ActiveCfg = Debug|Any CPU
		{337F38A6-D1B4-4A47-BE32-61C78FAA42FA}.Debug|Any CPU.Build.0 = Debug|Any CPU
		{337F38A6-D1B4-4A47-BE32-61C78FAA42FA}.Release|Any CPU.ActiveCfg = Release|Any CPU
		{337F38A6-D1B4-4A47-BE32-61C78FAA42FA}.Release|Any CPU.Build.0 = Release|Any CPU
		{8934D0A8-501C-43F5-80E0-F7219724D473}.Debug|Any CPU.ActiveCfg = Debug|Any CPU
		{8934D0A8-501C-43F5-80E0-F7219724D473}.Debug|Any CPU.Build.0 = Debug|Any CPU
		{8934D0A8-501C-43F5-80E0-F7219724D473}.Release|Any CPU.ActiveCfg = Release|Any CPU
		{8934D0A8-501C-43F5-80E0-F7219724D473}.Release|Any CPU.Build.0 = Release|Any CPU
		{D17B98DF-03FB-4507-BB87-061FA3915BC8}.Debug|Any CPU.ActiveCfg = Debug|Any CPU
		{D17B98DF-03FB-4507-BB87-061FA3915BC8}.Debug|Any CPU.Build.0 = Debug|Any CPU
		{D17B98DF-03FB-4507-BB87-061FA3915BC8}.Release|Any CPU.ActiveCfg = Release|Any CPU
		{D17B98DF-03FB-4507-BB87-061FA3915BC8}.Release|Any CPU.Build.0 = Release|Any CPU
		{01C98C9F-FFE5-4848-A564-55C66407B3F9}.Debug|Any CPU.ActiveCfg = Debug|Any CPU
		{01C98C9F-FFE5-4848-A564-55C66407B3F9}.Debug|Any CPU.Build.0 = Debug|Any CPU
		{01C98C9F-FFE5-4848-A564-55C66407B3F9}.Release|Any CPU.ActiveCfg = Release|Any CPU
		{01C98C9F-FFE5-4848-A564-55C66407B3F9}.Release|Any CPU.Build.0 = Release|Any CPU
		{06E5A19D-6D2D-4A64-8A51-59CAD0FB6049}.Debug|Any CPU.ActiveCfg = Debug|Any CPU
		{06E5A19D-6D2D-4A64-8A51-59CAD0FB6049}.Debug|Any CPU.Build.0 = Debug|Any CPU
		{06E5A19D-6D2D-4A64-8A51-59CAD0FB6049}.Release|Any CPU.ActiveCfg = Release|Any CPU
		{06E5A19D-6D2D-4A64-8A51-59CAD0FB6049}.Release|Any CPU.Build.0 = Release|Any CPU
		{CD43BAE2-70AD-4F0B-BA72-0BBDB3D64039}.Debug|Any CPU.ActiveCfg = Debug|Any CPU
		{CD43BAE2-70AD-4F0B-BA72-0BBDB3D64039}.Debug|Any CPU.Build.0 = Debug|Any CPU
		{CD43BAE2-70AD-4F0B-BA72-0BBDB3D64039}.Release|Any CPU.ActiveCfg = Release|Any CPU
		{CD43BAE2-70AD-4F0B-BA72-0BBDB3D64039}.Release|Any CPU.Build.0 = Release|Any CPU
		{4FFF8E72-5E8F-4DE7-B5DF-73F848760CF8}.Debug|Any CPU.ActiveCfg = Debug|Any CPU
		{4FFF8E72-5E8F-4DE7-B5DF-73F848760CF8}.Debug|Any CPU.Build.0 = Debug|Any CPU
		{4FFF8E72-5E8F-4DE7-B5DF-73F848760CF8}.Release|Any CPU.ActiveCfg = Release|Any CPU
		{4FFF8E72-5E8F-4DE7-B5DF-73F848760CF8}.Release|Any CPU.Build.0 = Release|Any CPU
		{2D869C31-165A-489F-B3B8-2C0D3EC3A753}.Debug|Any CPU.ActiveCfg = Debug|Any CPU
		{2D869C31-165A-489F-B3B8-2C0D3EC3A753}.Debug|Any CPU.Build.0 = Debug|Any CPU
		{2D869C31-165A-489F-B3B8-2C0D3EC3A753}.Release|Any CPU.ActiveCfg = Release|Any CPU
		{2D869C31-165A-489F-B3B8-2C0D3EC3A753}.Release|Any CPU.Build.0 = Release|Any CPU
		{1035B7C8-FFDF-4C08-B8EA-AF34B09D77BD}.Debug|Any CPU.ActiveCfg = Debug|Any CPU
		{1035B7C8-FFDF-4C08-B8EA-AF34B09D77BD}.Debug|Any CPU.Build.0 = Debug|Any CPU
		{1035B7C8-FFDF-4C08-B8EA-AF34B09D77BD}.Release|Any CPU.ActiveCfg = Release|Any CPU
		{1035B7C8-FFDF-4C08-B8EA-AF34B09D77BD}.Release|Any CPU.Build.0 = Release|Any CPU
		{A66C5FBA-A080-4DFA-B920-6C9EA31782B5}.Debug|Any CPU.ActiveCfg = Debug|Any CPU
		{A66C5FBA-A080-4DFA-B920-6C9EA31782B5}.Debug|Any CPU.Build.0 = Debug|Any CPU
		{A66C5FBA-A080-4DFA-B920-6C9EA31782B5}.Release|Any CPU.ActiveCfg = Release|Any CPU
		{A66C5FBA-A080-4DFA-B920-6C9EA31782B5}.Release|Any CPU.Build.0 = Release|Any CPU
		{E3BCF1E0-78F1-4E0A-A65C-991D285D722A}.Debug|Any CPU.ActiveCfg = Debug|Any CPU
		{E3BCF1E0-78F1-4E0A-A65C-991D285D722A}.Debug|Any CPU.Build.0 = Debug|Any CPU
		{E3BCF1E0-78F1-4E0A-A65C-991D285D722A}.Release|Any CPU.ActiveCfg = Release|Any CPU
		{E3BCF1E0-78F1-4E0A-A65C-991D285D722A}.Release|Any CPU.Build.0 = Release|Any CPU
		{EA0DB429-75BE-481D-BA77-F1D89B4E594F}.Debug|Any CPU.ActiveCfg = Debug|Any CPU
		{EA0DB429-75BE-481D-BA77-F1D89B4E594F}.Debug|Any CPU.Build.0 = Debug|Any CPU
		{EA0DB429-75BE-481D-BA77-F1D89B4E594F}.Release|Any CPU.ActiveCfg = Release|Any CPU
		{EA0DB429-75BE-481D-BA77-F1D89B4E594F}.Release|Any CPU.Build.0 = Release|Any CPU
		{C7290FB1-61AB-4945-B07C-37D1D2525905}.Debug|Any CPU.ActiveCfg = Debug|Any CPU
		{C7290FB1-61AB-4945-B07C-37D1D2525905}.Debug|Any CPU.Build.0 = Debug|Any CPU
		{C7290FB1-61AB-4945-B07C-37D1D2525905}.Release|Any CPU.ActiveCfg = Release|Any CPU
		{C7290FB1-61AB-4945-B07C-37D1D2525905}.Release|Any CPU.Build.0 = Release|Any CPU
		{EFB6E7CF-D12C-4CFA-A4FC-7F4063800082}.Debug|Any CPU.ActiveCfg = Debug|Any CPU
		{EFB6E7CF-D12C-4CFA-A4FC-7F4063800082}.Debug|Any CPU.Build.0 = Debug|Any CPU
		{EFB6E7CF-D12C-4CFA-A4FC-7F4063800082}.Release|Any CPU.ActiveCfg = Release|Any CPU
		{EFB6E7CF-D12C-4CFA-A4FC-7F4063800082}.Release|Any CPU.Build.0 = Release|Any CPU
		{9D6EC70F-B192-4210-8C45-E82242F543F8}.Debug|Any CPU.ActiveCfg = Debug|Any CPU
		{9D6EC70F-B192-4210-8C45-E82242F543F8}.Debug|Any CPU.Build.0 = Debug|Any CPU
		{9D6EC70F-B192-4210-8C45-E82242F543F8}.Release|Any CPU.ActiveCfg = Release|Any CPU
		{9D6EC70F-B192-4210-8C45-E82242F543F8}.Release|Any CPU.Build.0 = Release|Any CPU
		{B98839CE-77B3-4E83-9666-F1FCA6255CDE}.Debug|Any CPU.ActiveCfg = Debug|Any CPU
		{B98839CE-77B3-4E83-9666-F1FCA6255CDE}.Debug|Any CPU.Build.0 = Debug|Any CPU
		{B98839CE-77B3-4E83-9666-F1FCA6255CDE}.Release|Any CPU.ActiveCfg = Release|Any CPU
		{B98839CE-77B3-4E83-9666-F1FCA6255CDE}.Release|Any CPU.Build.0 = Release|Any CPU
		{AF7766F0-5B62-4C1A-9AED-F2D5FE4F119C}.Debug|Any CPU.ActiveCfg = Debug|Any CPU
		{AF7766F0-5B62-4C1A-9AED-F2D5FE4F119C}.Debug|Any CPU.Build.0 = Debug|Any CPU
		{AF7766F0-5B62-4C1A-9AED-F2D5FE4F119C}.Release|Any CPU.ActiveCfg = Release|Any CPU
		{AF7766F0-5B62-4C1A-9AED-F2D5FE4F119C}.Release|Any CPU.Build.0 = Release|Any CPU
		{723F2F42-9E25-464A-B9F1-F1CB28FE6577}.Debug|Any CPU.ActiveCfg = Debug|Any CPU
		{723F2F42-9E25-464A-B9F1-F1CB28FE6577}.Debug|Any CPU.Build.0 = Debug|Any CPU
		{723F2F42-9E25-464A-B9F1-F1CB28FE6577}.Release|Any CPU.ActiveCfg = Release|Any CPU
		{723F2F42-9E25-464A-B9F1-F1CB28FE6577}.Release|Any CPU.Build.0 = Release|Any CPU
		{390C4157-B6C4-40DE-98EB-B633B45B5479}.Debug|Any CPU.ActiveCfg = Debug|Any CPU
		{390C4157-B6C4-40DE-98EB-B633B45B5479}.Debug|Any CPU.Build.0 = Debug|Any CPU
		{390C4157-B6C4-40DE-98EB-B633B45B5479}.Release|Any CPU.ActiveCfg = Release|Any CPU
		{390C4157-B6C4-40DE-98EB-B633B45B5479}.Release|Any CPU.Build.0 = Release|Any CPU
		{3C9A129E-892A-4E29-BD00-45FFA5F07A0B}.Debug|Any CPU.ActiveCfg = Debug|Any CPU
		{3C9A129E-892A-4E29-BD00-45FFA5F07A0B}.Debug|Any CPU.Build.0 = Debug|Any CPU
		{3C9A129E-892A-4E29-BD00-45FFA5F07A0B}.Release|Any CPU.ActiveCfg = Release|Any CPU
		{3C9A129E-892A-4E29-BD00-45FFA5F07A0B}.Release|Any CPU.Build.0 = Release|Any CPU
		{286C507E-4D4A-4813-93E0-D15D7CC3BBB6}.Debug|Any CPU.ActiveCfg = Debug|Any CPU
		{286C507E-4D4A-4813-93E0-D15D7CC3BBB6}.Debug|Any CPU.Build.0 = Debug|Any CPU
		{286C507E-4D4A-4813-93E0-D15D7CC3BBB6}.Release|Any CPU.ActiveCfg = Release|Any CPU
		{286C507E-4D4A-4813-93E0-D15D7CC3BBB6}.Release|Any CPU.Build.0 = Release|Any CPU
		{3FBD1612-167B-40BC-A00D-B757D71040E3}.Debug|Any CPU.ActiveCfg = Debug|Any CPU
		{3FBD1612-167B-40BC-A00D-B757D71040E3}.Debug|Any CPU.Build.0 = Debug|Any CPU
		{3FBD1612-167B-40BC-A00D-B757D71040E3}.Release|Any CPU.ActiveCfg = Release|Any CPU
		{3FBD1612-167B-40BC-A00D-B757D71040E3}.Release|Any CPU.Build.0 = Release|Any CPU
		{04EE864A-8E9F-4DA2-A035-312D7A78F716}.Debug|Any CPU.ActiveCfg = Debug|Any CPU
		{04EE864A-8E9F-4DA2-A035-312D7A78F716}.Debug|Any CPU.Build.0 = Debug|Any CPU
		{04EE864A-8E9F-4DA2-A035-312D7A78F716}.Release|Any CPU.ActiveCfg = Release|Any CPU
		{04EE864A-8E9F-4DA2-A035-312D7A78F716}.Release|Any CPU.Build.0 = Release|Any CPU
		{6542B75E-13EB-4129-874A-1CF3573EB26A}.Debug|Any CPU.ActiveCfg = Debug|Any CPU
		{6542B75E-13EB-4129-874A-1CF3573EB26A}.Debug|Any CPU.Build.0 = Debug|Any CPU
		{6542B75E-13EB-4129-874A-1CF3573EB26A}.Release|Any CPU.ActiveCfg = Release|Any CPU
		{6542B75E-13EB-4129-874A-1CF3573EB26A}.Release|Any CPU.Build.0 = Release|Any CPU
		{473425AC-5739-4DE9-9666-2D62583714F4}.Debug|Any CPU.ActiveCfg = Debug|Any CPU
		{473425AC-5739-4DE9-9666-2D62583714F4}.Debug|Any CPU.Build.0 = Debug|Any CPU
		{473425AC-5739-4DE9-9666-2D62583714F4}.Release|Any CPU.ActiveCfg = Release|Any CPU
		{473425AC-5739-4DE9-9666-2D62583714F4}.Release|Any CPU.Build.0 = Release|Any CPU
		{5990902E-57E8-4277-9831-AB0524EFDFD2}.Debug|Any CPU.ActiveCfg = Debug|Any CPU
		{5990902E-57E8-4277-9831-AB0524EFDFD2}.Debug|Any CPU.Build.0 = Debug|Any CPU
		{5990902E-57E8-4277-9831-AB0524EFDFD2}.Release|Any CPU.ActiveCfg = Release|Any CPU
		{5990902E-57E8-4277-9831-AB0524EFDFD2}.Release|Any CPU.Build.0 = Release|Any CPU
		{D2CAA400-4D39-4906-A203-8F2070D7F7AF}.Debug|Any CPU.ActiveCfg = Debug|Any CPU
		{D2CAA400-4D39-4906-A203-8F2070D7F7AF}.Debug|Any CPU.Build.0 = Debug|Any CPU
		{D2CAA400-4D39-4906-A203-8F2070D7F7AF}.Release|Any CPU.ActiveCfg = Release|Any CPU
		{D2CAA400-4D39-4906-A203-8F2070D7F7AF}.Release|Any CPU.Build.0 = Release|Any CPU
		{4B4A0A3B-9B85-4F47-BE26-2AEDD0D84642}.Debug|Any CPU.ActiveCfg = Debug|Any CPU
		{4B4A0A3B-9B85-4F47-BE26-2AEDD0D84642}.Debug|Any CPU.Build.0 = Debug|Any CPU
		{4B4A0A3B-9B85-4F47-BE26-2AEDD0D84642}.Release|Any CPU.ActiveCfg = Release|Any CPU
		{4B4A0A3B-9B85-4F47-BE26-2AEDD0D84642}.Release|Any CPU.Build.0 = Release|Any CPU
		{F895B5EE-5AA6-465F-AC8D-B4F3E81BBBB4}.Debug|Any CPU.ActiveCfg = Debug|Any CPU
		{F895B5EE-5AA6-465F-AC8D-B4F3E81BBBB4}.Debug|Any CPU.Build.0 = Debug|Any CPU
		{F895B5EE-5AA6-465F-AC8D-B4F3E81BBBB4}.Release|Any CPU.ActiveCfg = Release|Any CPU
		{F895B5EE-5AA6-465F-AC8D-B4F3E81BBBB4}.Release|Any CPU.Build.0 = Release|Any CPU
		{A758E10D-860F-4600-967A-D03DEC4364CE}.Debug|Any CPU.ActiveCfg = Debug|Any CPU
		{A758E10D-860F-4600-967A-D03DEC4364CE}.Debug|Any CPU.Build.0 = Debug|Any CPU
		{A758E10D-860F-4600-967A-D03DEC4364CE}.Release|Any CPU.ActiveCfg = Release|Any CPU
		{A758E10D-860F-4600-967A-D03DEC4364CE}.Release|Any CPU.Build.0 = Release|Any CPU
		{0C4CE525-7448-4E7E-B648-2193C6CAD666}.Debug|Any CPU.ActiveCfg = Debug|Any CPU
		{0C4CE525-7448-4E7E-B648-2193C6CAD666}.Debug|Any CPU.Build.0 = Debug|Any CPU
		{0C4CE525-7448-4E7E-B648-2193C6CAD666}.Release|Any CPU.ActiveCfg = Release|Any CPU
		{0C4CE525-7448-4E7E-B648-2193C6CAD666}.Release|Any CPU.Build.0 = Release|Any CPU
		{2FAFA9A6-7BC1-4686-B3F4-60B1BF1C2661}.Debug|Any CPU.ActiveCfg = Debug|Any CPU
		{2FAFA9A6-7BC1-4686-B3F4-60B1BF1C2661}.Debug|Any CPU.Build.0 = Debug|Any CPU
		{2FAFA9A6-7BC1-4686-B3F4-60B1BF1C2661}.Release|Any CPU.ActiveCfg = Release|Any CPU
		{2FAFA9A6-7BC1-4686-B3F4-60B1BF1C2661}.Release|Any CPU.Build.0 = Release|Any CPU
		{8B83118C-5409-4FE1-AE19-566633AA1870}.Debug|Any CPU.ActiveCfg = Debug|Any CPU
		{8B83118C-5409-4FE1-AE19-566633AA1870}.Debug|Any CPU.Build.0 = Debug|Any CPU
		{8B83118C-5409-4FE1-AE19-566633AA1870}.Release|Any CPU.ActiveCfg = Release|Any CPU
		{8B83118C-5409-4FE1-AE19-566633AA1870}.Release|Any CPU.Build.0 = Release|Any CPU
		{ACD42341-4948-4753-A0DF-9AB1CC42E012}.Debug|Any CPU.ActiveCfg = Debug|Any CPU
		{ACD42341-4948-4753-A0DF-9AB1CC42E012}.Debug|Any CPU.Build.0 = Debug|Any CPU
		{ACD42341-4948-4753-A0DF-9AB1CC42E012}.Release|Any CPU.ActiveCfg = Release|Any CPU
		{ACD42341-4948-4753-A0DF-9AB1CC42E012}.Release|Any CPU.Build.0 = Release|Any CPU
		{D5B9CE45-B0D2-43FC-BB72-D56931B143CF}.Debug|Any CPU.ActiveCfg = Debug|Any CPU
		{D5B9CE45-B0D2-43FC-BB72-D56931B143CF}.Debug|Any CPU.Build.0 = Debug|Any CPU
		{D5B9CE45-B0D2-43FC-BB72-D56931B143CF}.Release|Any CPU.ActiveCfg = Release|Any CPU
		{D5B9CE45-B0D2-43FC-BB72-D56931B143CF}.Release|Any CPU.Build.0 = Release|Any CPU
		{729D5B46-A87C-4B3B-96A8-8943C7C0B07C}.Debug|Any CPU.ActiveCfg = Debug|Any CPU
		{729D5B46-A87C-4B3B-96A8-8943C7C0B07C}.Debug|Any CPU.Build.0 = Debug|Any CPU
		{729D5B46-A87C-4B3B-96A8-8943C7C0B07C}.Release|Any CPU.ActiveCfg = Release|Any CPU
		{729D5B46-A87C-4B3B-96A8-8943C7C0B07C}.Release|Any CPU.Build.0 = Release|Any CPU
		{D7C1F65A-8F85-419C-97F1-2D5C93E99118}.Debug|Any CPU.ActiveCfg = Debug|Any CPU
		{D7C1F65A-8F85-419C-97F1-2D5C93E99118}.Debug|Any CPU.Build.0 = Debug|Any CPU
		{D7C1F65A-8F85-419C-97F1-2D5C93E99118}.Release|Any CPU.ActiveCfg = Release|Any CPU
		{D7C1F65A-8F85-419C-97F1-2D5C93E99118}.Release|Any CPU.Build.0 = Release|Any CPU
		{02DA8588-7779-4F59-BD08-F8549251942D}.Debug|Any CPU.ActiveCfg = Debug|Any CPU
		{02DA8588-7779-4F59-BD08-F8549251942D}.Debug|Any CPU.Build.0 = Debug|Any CPU
		{02DA8588-7779-4F59-BD08-F8549251942D}.Release|Any CPU.ActiveCfg = Release|Any CPU
		{02DA8588-7779-4F59-BD08-F8549251942D}.Release|Any CPU.Build.0 = Release|Any CPU
		{0B27A430-4D22-405B-A3E0-AFF5071C8C3E}.Debug|Any CPU.ActiveCfg = Debug|Any CPU
		{0B27A430-4D22-405B-A3E0-AFF5071C8C3E}.Debug|Any CPU.Build.0 = Debug|Any CPU
		{0B27A430-4D22-405B-A3E0-AFF5071C8C3E}.Release|Any CPU.ActiveCfg = Release|Any CPU
		{0B27A430-4D22-405B-A3E0-AFF5071C8C3E}.Release|Any CPU.Build.0 = Release|Any CPU
		{0FCC8DB6-8C01-4128-A719-FFAE0F8D334B}.Debug|Any CPU.ActiveCfg = Debug|Any CPU
		{0FCC8DB6-8C01-4128-A719-FFAE0F8D334B}.Debug|Any CPU.Build.0 = Debug|Any CPU
		{0FCC8DB6-8C01-4128-A719-FFAE0F8D334B}.Release|Any CPU.ActiveCfg = Release|Any CPU
		{0FCC8DB6-8C01-4128-A719-FFAE0F8D334B}.Release|Any CPU.Build.0 = Release|Any CPU
		{D9D38CEA-4EE2-4BB6-A8DE-80CA55E20DAD}.Debug|Any CPU.ActiveCfg = Debug|Any CPU
		{D9D38CEA-4EE2-4BB6-A8DE-80CA55E20DAD}.Debug|Any CPU.Build.0 = Debug|Any CPU
		{D9D38CEA-4EE2-4BB6-A8DE-80CA55E20DAD}.Release|Any CPU.ActiveCfg = Release|Any CPU
		{D9D38CEA-4EE2-4BB6-A8DE-80CA55E20DAD}.Release|Any CPU.Build.0 = Release|Any CPU
		{9AE8737B-73F9-4BA2-8832-033CEA453368}.Debug|Any CPU.ActiveCfg = Debug|Any CPU
		{9AE8737B-73F9-4BA2-8832-033CEA453368}.Debug|Any CPU.Build.0 = Debug|Any CPU
		{9AE8737B-73F9-4BA2-8832-033CEA453368}.Release|Any CPU.ActiveCfg = Release|Any CPU
		{9AE8737B-73F9-4BA2-8832-033CEA453368}.Release|Any CPU.Build.0 = Release|Any CPU
	EndGlobalSection
	GlobalSection(SolutionProperties) = preSolution
		HideSolutionNode = FALSE
	EndGlobalSection
	GlobalSection(ExtensibilityGlobals) = postSolution
		SolutionGuid = {EA78938A-D5F3-4F82-BE93-D1B14DF0A679}
	EndGlobalSection
EndGlobal
